
Microsoft Visual Studio Solution File, Format Version 12.00
# Visual Studio Version 16
VisualStudioVersion = 16.0.29503.13
MinimumVisualStudioVersion = 10.0.40219.1
Project("{FAE04EC0-301F-11D3-BF4B-00C04F79EFBC}") = "GPLAssignment", "Assignment1\GPLAssignment.csproj", "{5F410A1C-D29A-4A2A-8DE4-07510393ED26}"
EndProject
Project("{FAE04EC0-301F-11D3-BF4B-00C04F79EFBC}") = "UnitTestProject1", "UnitTestProject1\UnitTestProject1.csproj", "{416925CC-96D7-4681-A94E-2B6C26239C94}"
EndProject
Global
	GlobalSection(SolutionConfigurationPlatforms) = preSolution
		Debug|Any CPU = Debug|Any CPU
		Release|Any CPU = Release|Any CPU
	EndGlobalSection
	GlobalSection(ProjectConfigurationPlatforms) = postSolution
		{5F410A1C-D29A-4A2A-8DE4-07510393ED26}.Debug|Any CPU.ActiveCfg = Debug|Any CPU
		{5F410A1C-D29A-4A2A-8DE4-07510393ED26}.Debug|Any CPU.Build.0 = Debug|Any CPU
		{5F410A1C-D29A-4A2A-8DE4-07510393ED26}.Release|Any CPU.ActiveCfg = Release|Any CPU
		{5F410A1C-D29A-4A2A-8DE4-07510393ED26}.Release|Any CPU.Build.0 = Release|Any CPU
		{416925CC-96D7-4681-A94E-2B6C26239C94}.Debug|Any CPU.ActiveCfg = Debug|Any CPU
		{416925CC-96D7-4681-A94E-2B6C26239C94}.Debug|Any CPU.Build.0 = Debug|Any CPU
		{416925CC-96D7-4681-A94E-2B6C26239C94}.Release|Any CPU.ActiveCfg = Release|Any CPU
		{416925CC-96D7-4681-A94E-2B6C26239C94}.Release|Any CPU.Build.0 = Release|Any CPU
	EndGlobalSection
	GlobalSection(SolutionProperties) = preSolution
		HideSolutionNode = FALSE
	EndGlobalSection
	GlobalSection(ExtensibilityGlobals) = postSolution
		SolutionGuid = {EF2B1A85-36BC-4EAB-9FA5-99AEE1F805A3}
	EndGlobalSection
EndGlobal
